schema: '2.0'
stages:
  assemble:
    cmd: python pipelines/assemble.py
    deps:
    - path: data/raw/elliptic_txs_classes.csv
      hash: md5
      md5: 7ad28a0fd7d0075684708bfba9e78e72
      size: 3305144
    - path: data/raw/elliptic_txs_edgelist.csv
      hash: md5
      md5: ae69bde1407c9320c0124a557693a479
      size: 4470584
    - path: data/raw/elliptic_txs_features.csv
      hash: md5
      md5: 9fb9dc51d9d1329f540cb6f83730f4a1
      size: 689683771
    - path: pipelines/assemble.py
      hash: md5
      md5: 3318f71a19b7c9dc0760dae89ef3f80b
      size: 1282
    - path: src/data/loaders.py
      hash: md5
      md5: c349e22704005d3e82ecff3f27dc7da5
      size: 2803
    outs:
    - path: data/processed/edges.parquet
      hash: md5
      md5: 9387bafbbbcead617f25961c57f8594a
      size: 2450319
    - path: data/processed/nodes.parquet
      hash: md5
      md5: a0d9f4cb9d9a61ef75e2f53af36ce3f2
      size: 94558368
  split_eda:
    cmd: python pipelines/split_eda.py
    deps:
    - path: data/processed/edges.parquet
      hash: md5
      md5: d81ef40306a4ed20f14de13a76ef21cf
      size: 2450319
    - path: data/processed/nodes.parquet
      hash: md5
      md5: c2d7c37420581c19810004fc7217b6f9
      size: 94558368
    - path: pipelines/split_eda.py
      hash: md5
      md5: 3d5afe611fd5e47e73cc6502b0fd6900
      size: 1682
    - path: src/data/eda.py
      hash: md5
      md5: 8e5a704d11ca5bcc14893b436acc64cc
      size: 802
    - path: src/data/split.py
      hash: md5
      md5: 324425c89fc095ac32499e8fca6ce754
      size: 2207
    params:
      params.yaml:
        split.test_end: 49
        split.test_start: 35
        split.train_end: 34
        split.val_start: 30
    outs:
    - path: data/processed/eda_per_time_step.csv
      hash: md5
      md5: df437a99f12cc1fdc55823342fd4e799
      size: 2098
  train_baseline:
    cmd: python pipelines/train_baseline.py
    deps:
    - path: data/processed/nodes.parquet
      hash: md5
      md5: a0d9f4cb9d9a61ef75e2f53af36ce3f2
      size: 94558368
    - path: pipelines/train_baseline.py
      hash: md5
      md5: dfb169b271c138ea33f6097775a9b3b5
      size: 3890
    - path: src/data/split.py
      hash: md5
      md5: 324425c89fc095ac32499e8fca6ce754
      size: 2207
    - path: src/models/baseline.py
      hash: md5
      md5: 4847821e671dbbabba517dbea2121caf
      size: 3055
    params:
      params.yaml:
        baseline.lr_max_iter: 1000
        baseline.random_state: 42
        baseline.rf_max_depth:
        baseline.rf_n_estimators: 100
        split.test_end: 49
        split.test_start: 35
        split.train_end: 34
        split.val_start: 30
    outs:
    - path: data/processed/baseline_metrics.json
      hash: md5
      md5: bb28bdd5a2b76b2fe95166aab6601dc9
      size: 606
