schema: '2.0'
stages:
  assemble:
    cmd: python pipelines/assemble.py
    deps:
    - path: data/raw/elliptic_txs_classes.csv
      hash: md5
      md5: 7ad28a0fd7d0075684708bfba9e78e72
      size: 3305144
    - path: data/raw/elliptic_txs_edgelist.csv
      hash: md5
      md5: ae69bde1407c9320c0124a557693a479
      size: 4470584
    - path: data/raw/elliptic_txs_features.csv
      hash: md5
      md5: 9fb9dc51d9d1329f540cb6f83730f4a1
      size: 689683771
    - path: pipelines/assemble.py
      hash: md5
      md5: 3318f71a19b7c9dc0760dae89ef3f80b
      size: 1282
    - path: src/data/loaders.py
      hash: md5
      md5: c349e22704005d3e82ecff3f27dc7da5
      size: 2803
    outs:
    - path: data/processed/edges.parquet
      hash: md5
      md5: 9387bafbbbcead617f25961c57f8594a
      size: 2450319
    - path: data/processed/nodes.parquet
      hash: md5
      md5: a0d9f4cb9d9a61ef75e2f53af36ce3f2
      size: 94558368
  split_eda:
    cmd: python pipelines/split_eda.py
    deps:
    - path: data/processed/edges.parquet
      hash: md5
      md5: d81ef40306a4ed20f14de13a76ef21cf
      size: 2450319
    - path: data/processed/nodes.parquet
      hash: md5
      md5: c2d7c37420581c19810004fc7217b6f9
      size: 94558368
    - path: pipelines/split_eda.py
      hash: md5
      md5: 3d5afe611fd5e47e73cc6502b0fd6900
      size: 1682
    - path: src/data/eda.py
      hash: md5
      md5: 8e5a704d11ca5bcc14893b436acc64cc
      size: 802
    - path: src/data/split.py
      hash: md5
      md5: 324425c89fc095ac32499e8fca6ce754
      size: 2207
    params:
      params.yaml:
        split.test_end: 49
        split.test_start: 35
        split.train_end: 34
        split.val_start: 30
    outs:
    - path: data/processed/eda_per_time_step.csv
      hash: md5
      md5: df437a99f12cc1fdc55823342fd4e799
      size: 2098
  train_baseline:
    cmd: python pipelines/train_baseline.py
    deps:
    - path: data/processed/nodes.parquet
      hash: md5
      md5: a0d9f4cb9d9a61ef75e2f53af36ce3f2
      size: 94558368
    - path: pipelines/train_baseline.py
      hash: md5
      md5: dfb169b271c138ea33f6097775a9b3b5
      size: 3890
    - path: src/data/split.py
      hash: md5
      md5: 324425c89fc095ac32499e8fca6ce754
      size: 2207
    - path: src/models/baseline.py
      hash: md5
      md5: 4847821e671dbbabba517dbea2121caf
      size: 3055
    params:
      params.yaml:
        baseline.lr_max_iter: 1000
        baseline.random_state: 42
        baseline.rf_max_depth:
        baseline.rf_n_estimators: 100
        split.test_end: 49
        split.test_start: 35
        split.train_end: 34
        split.val_start: 30
    outs:
    - path: data/processed/baseline_metrics.json
      hash: md5
      md5: bb28bdd5a2b76b2fe95166aab6601dc9
      size: 606
  build_graph_features:
    cmd: python pipelines/build_graph_features.py
    deps:
    - path: data/processed/edges.parquet
      hash: md5
      md5: 9387bafbbbcead617f25961c57f8594a
      size: 2450319
    - path: data/processed/nodes.parquet
      hash: md5
      md5: a0d9f4cb9d9a61ef75e2f53af36ce3f2
      size: 94558368
    - path: pipelines/build_graph_features.py
      hash: md5
      md5: 1bb91f3e1d69616a27a42d26a8346f57
      size: 1123
    - path: src/features/graph.py
      hash: md5
      md5: 8bf449c804245e21173e026692a3acc4
      size: 2582
    outs:
    - path: data/processed/graph_features.parquet
      hash: md5
      md5: 4f6e7a4e596e74262b4daebe2ce27c78
      size: 2667008
  train_advanced:
    cmd: python pipelines/train_advanced.py
    deps:
    - path: data/processed/graph_features.parquet
      hash: md5
      md5: 4f6e7a4e596e74262b4daebe2ce27c78
      size: 2667008
    - path: data/processed/nodes.parquet
      hash: md5
      md5: a0d9f4cb9d9a61ef75e2f53af36ce3f2
      size: 94558368
    - path: pipelines/train_advanced.py
      hash: md5
      md5: 3cd805fa56df539a885151d15941186e
      size: 5467
    - path: src/data/split.py
      hash: md5
      md5: 324425c89fc095ac32499e8fca6ce754
      size: 2207
    - path: src/models/advanced.py
      hash: md5
      md5: dc8add9d54592807dc05521856da69ea
      size: 2794
    - path: src/models/baseline.py
      hash: md5
      md5: 4847821e671dbbabba517dbea2121caf
      size: 3055
    params:
      params.yaml:
        advanced.grid:
          max_depth:
          - 4
          - 6
          - 8
          learning_rate:
          - 0.05
          - 0.1
          n_estimators:
          - 200
          - 400
        advanced.random_state: 42
        split.test_end: 49
        split.test_start: 35
        split.train_end: 34
        split.val_start: 30
    outs:
    - path: data/processed/advanced_metrics.json
      hash: md5
      md5: 2dc6a21e73978c1a152ad16cdf54c35a
      size: 1585
  evaluate_champion:
    cmd: python pipelines/evaluate_champion.py
    deps:
    - path: data/processed/advanced_metrics.json
      hash: md5
      md5: 2dc6a21e73978c1a152ad16cdf54c35a
      size: 1585
    - path: data/processed/nodes.parquet
      hash: md5
      md5: a0d9f4cb9d9a61ef75e2f53af36ce3f2
      size: 94558368
    - path: pipelines/evaluate_champion.py
      hash: md5
      md5: b708973f5798e289bb344aad8cf4aa1e
      size: 6715
    - path: src/data/split.py
      hash: md5
      md5: 324425c89fc095ac32499e8fca6ce754
      size: 2207
    - path: src/models/advanced.py
      hash: md5
      md5: dc8add9d54592807dc05521856da69ea
      size: 2794
    - path: src/models/baseline.py
      hash: md5
      md5: 4847821e671dbbabba517dbea2121caf
      size: 3055
    - path: src/models/evaluate.py
      hash: md5
      md5: c08864f7c6217282724b146f1ca6f425
      size: 3899
    params:
      params.yaml:
        advanced.random_state: 42
        evaluate.calibration_methods:
        - sigmoid
        - isotonic
        evaluate.shap_sample: 2000
        evaluate.shap_top_n: 15
        split.test_end: 49
        split.test_start: 35
        split.train_end: 34
        split.val_start: 30
    outs:
    - path: data/processed/evaluation.json
      hash: md5
      md5: 137681f9c5dffb1bf6bbe1daa7be0af0
      size: 609
    - path: data/processed/per_time_step_f1.csv
      hash: md5
      md5: 060a05e81079667729977fce1accbb69
      size: 1227
  monitor_drift:
    cmd: python pipelines/monitor_drift.py
    deps:
    - path: data/processed/nodes.parquet
      hash: md5
      md5: a0d9f4cb9d9a61ef75e2f53af36ce3f2
      size: 94558368
    - path: pipelines/monitor_drift.py
      hash: md5
      md5: 280b1f5223e78369437a4c56363db809
      size: 1610
    - path: src/data/loaders.py
      hash: md5
      md5: c349e22704005d3e82ecff3f27dc7da5
      size: 2803
    - path: src/data/split.py
      hash: md5
      md5: 324425c89fc095ac32499e8fca6ce754
      size: 2207
    - path: src/monitoring/drift.py
      hash: md5
      md5: 03ab521952727a8f4a2f8b8e57c12d2c
      size: 3746
    params:
      params.yaml:
        monitor.report_step: 43
        split.test_end: 49
        split.test_start: 35
        split.train_end: 34
        split.val_start: 30
    outs:
    - path: data/processed/drift_by_time_step.csv
      hash: md5
      md5: a86db79cc16448d6209cf9cd5e12d45a
      size: 1116
    - path: data/processed/drift_report.html
      hash: md5
      md5: e4ffd2c4420c3e39a7c6e1e470d5f39c
      size: 15878218
  replay_retraining:
    cmd: python pipelines/replay_retraining.py
    deps:
    - path: data/processed/advanced_metrics.json
      hash: md5
      md5: 2dc6a21e73978c1a152ad16cdf54c35a
      size: 1585
    - path: data/processed/nodes.parquet
      hash: md5
      md5: a0d9f4cb9d9a61ef75e2f53af36ce3f2
      size: 94558368
    - path: pipelines/replay_retraining.py
      hash: md5
      md5: c6bd88d7ad4c2229d83cef8f0cb1c30b
      size: 4862
    - path: src/data/split.py
      hash: md5
      md5: 324425c89fc095ac32499e8fca6ce754
      size: 2207
    - path: src/models/advanced.py
      hash: md5
      md5: dc8add9d54592807dc05521856da69ea
      size: 2794
    - path: src/models/baseline.py
      hash: md5
      md5: 4847821e671dbbabba517dbea2121caf
      size: 3055
    - path: src/models/evaluate.py
      hash: md5
      md5: c08864f7c6217282724b146f1ca6f425
      size: 3899
    - path: src/monitoring/drift.py
      hash: md5
      md5: 03ab521952727a8f4a2f8b8e57c12d2c
      size: 3746
    - path: src/retraining/replay.py
      hash: md5
      md5: d6c345379777b6d595c540f86cb9afb2
      size: 5903
    params:
      params.yaml:
        advanced.random_state: 42
        retrain.drift_ceiling: 0.1
        retrain.f1_floor: 0.5
        retrain.promote_margin: 0.01
        split.test_end: 49
        split.test_start: 35
        split.train_end: 34
        split.val_start: 30
    outs:
    - path: data/processed/replay_log.csv
      hash: md5
      md5: 85fa2f78cda0ad189d0af62b4dbbd8b4
      size: 1731
    - path: metrics/quality_gate.json
      hash: md5
      md5: be1c63ffcad546bf293a9202ac7c7d2b
      size: 190
